
Microsoft Visual Studio Solution File, Format Version 12.00
# Visual Studio 2013
VisualStudioVersion = 12.0.31101.0
MinimumVisualStudioVersion = 10.0.40219.1
Project("{8BC9CEB8-8B4A-11D0-8D11-00A0C91BC942}") = "search_engine", "search_engine\search_engine.vcxproj", "{C1B95DFE-165E-4F2C-863B-4CAADC0D3563}"
EndProject
Project("{8BC9CEB8-8B4A-11D0-8D11-00A0C91BC942}") = "iconv", "iconv\iconv.vcxproj", "{C91FA1F1-32C6-482E-BF35-06501C57F488}"
EndProject
Project("{8BC9CEB8-8B4A-11D0-8D11-00A0C91BC942}") = "libxml2", "libxml2\libxml2.vcxproj", "{BD288B27-EBF2-4485-B309-670EB982D4EF}"
EndProject
Global
	GlobalSection(SolutionConfigurationPlatforms) = preSolution
		Debug|Win32 = Debug|Win32
		Release|Win32 = Release|Win32
	EndGlobalSection
	GlobalSection(ProjectConfigurationPlatforms) = postSolution
		{C1B95DFE-165E-4F2C-863B-4CAADC0D3563}.Debug|Win32.ActiveCfg = Debug|Win32
		{C1B95DFE-165E-4F2C-863B-4CAADC0D3563}.Debug|Win32.Build.0 = Debug|Win32
		{C1B95DFE-165E-4F2C-863B-4CAADC0D3563}.Release|Win32.ActiveCfg = Release|Win32
		{C1B95DFE-165E-4F2C-863B-4CAADC0D3563}.Release|Win32.Build.0 = Release|Win32
		{C91FA1F1-32C6-482E-BF35-06501C57F488}.Debug|Win32.ActiveCfg = Debug|Win32
		{C91FA1F1-32C6-482E-BF35-06501C57F488}.Debug|Win32.Build.0 = Debug|Win32
		{C91FA1F1-32C6-482E-BF35-06501C57F488}.Release|Win32.ActiveCfg = Release|Win32
		{C91FA1F1-32C6-482E-BF35-06501C57F488}.Release|Win32.Build.0 = Release|Win32
		{BD288B27-EBF2-4485-B309-670EB982D4EF}.Debug|Win32.ActiveCfg = Debug|Win32
		{BD288B27-EBF2-4485-B309-670EB982D4EF}.Debug|Win32.Build.0 = Debug|Win32
		{BD288B27-EBF2-4485-B309-670EB982D4EF}.Release|Win32.ActiveCfg = Release|Win32
		{BD288B27-EBF2-4485-B309-670EB982D4EF}.Release|Win32.Build.0 = Release|Win32
	EndGlobalSection
	GlobalSection(SolutionProperties) = preSolution
		HideSolutionNode = FALSE
	EndGlobalSection
EndGlobal
